
Microsoft Visual Studio Solution File, Format Version 12.00
# Visual Studio 15
VisualStudioVersion = 15.0.26430.16
MinimumVisualStudioVersion = 10.0.40219.1
Project("{FAE04EC0-301F-11D3-BF4B-00C04F79EFBC}") = "CalculatorUI (Uwp)", "CalculatorUI (Uwp)\CalculatorUI (Uwp).csproj", "{5423FD8E-DE31-4800-A63A-6A28034914EF}"
EndProject
Project("{9A19103F-16F7-4668-BE54-9A1E7A4F7556}") = "CalculatorApi (NetStandard)", "..\CalculatorApi (NetStandard)\CalculatorApi (NetStandard)\CalculatorApi (NetStandard).csproj", "{00A4ED62-43F1-41AE-8EE4-F60D0C0946FF}"
EndProject
Global
	GlobalSection(SolutionConfigurationPlatforms) = preSolution
		Debug|Any CPU = Debug|Any CPU
		Debug|ARM = Debug|ARM
		Debug|x64 = Debug|x64
		Debug|x86 = Debug|x86
		Release|Any CPU = Release|Any CPU
		Release|ARM = Release|ARM
		Release|x64 = Release|x64
		Release|x86 = Release|x86
	EndGlobalSection
	GlobalSection(ProjectConfigurationPlatforms) = postSolution
		{5423FD8E-DE31-4800-A63A-6A28034914EF}.Debug|Any CPU.ActiveCfg = Debug|x86
		{5423FD8E-DE31-4800-A63A-6A28034914EF}.Debug|ARM.ActiveCfg = Debug|ARM
		{5423FD8E-DE31-4800-A63A-6A28034914EF}.Debug|ARM.Build.0 = Debug|ARM
		{5423FD8E-DE31-4800-A63A-6A28034914EF}.Debug|ARM.Deploy.0 = Debug|ARM
		{5423FD8E-DE31-4800-A63A-6A28034914EF}.Debug|x64.ActiveCfg = Debug|x64
		{5423FD8E-DE31-4800-A63A-6A28034914EF}.Debug|x64.Build.0 = Debug|x64
		{5423FD8E-DE31-4800-A63A-6A28034914EF}.Debug|x64.Deploy.0 = Debug|x64
		{5423FD8E-DE31-4800-A63A-6A28034914EF}.Debug|x86.ActiveCfg = Debug|x86
		{5423FD8E-DE31-4800-A63A-6A28034914EF}.Debug|x86.Build.0 = Debug|x86
		{5423FD8E-DE31-4800-A63A-6A28034914EF}.Debug|x86.Deploy.0 = Debug|x86
		{5423FD8E-DE31-4800-A63A-6A28034914EF}.Release|Any CPU.ActiveCfg = Release|x86
		{5423FD8E-DE31-4800-A63A-6A28034914EF}.Release|ARM.ActiveCfg = Release|ARM
		{5423FD8E-DE31-4800-A63A-6A28034914EF}.Release|ARM.Build.0 = Release|ARM
		{5423FD8E-DE31-4800-A63A-6A28034914EF}.Release|ARM.Deploy.0 = Release|ARM
		{5423FD8E-DE31-4800-A63A-6A28034914EF}.Release|x64.ActiveCfg = Release|x64
		{5423FD8E-DE31-4800-A63A-6A28034914EF}.Release|x64.Build.0 = Release|x64
		{5423FD8E-DE31-4800-A63A-6A28034914EF}.Release|x64.Deploy.0 = Release|x64
		{5423FD8E-DE31-4800-A63A-6A28034914EF}.Release|x86.ActiveCfg = Release|x86
		{5423FD8E-DE31-4800-A63A-6A28034914EF}.Release|x86.Build.0 = Release|x86
		{5423FD8E-DE31-4800-A63A-6A28034914EF}.Release|x86.Deploy.0 = Release|x86
		{00A4ED62-43F1-41AE-8EE4-F60D0C0946FF}.Debug|Any CPU.ActiveCfg = Debug|Any CPU
		{00A4ED62-43F1-41AE-8EE4-F60D0C0946FF}.Debug|Any CPU.Build.0 = Debug|Any CPU
		{00A4ED62-43F1-41AE-8EE4-F60D0C0946FF}.Debug|ARM.ActiveCfg = Debug|Any CPU
		{00A4ED62-43F1-41AE-8EE4-F60D0C0946FF}.Debug|ARM.Build.0 = Debug|Any CPU
		{00A4ED62-43F1-41AE-8EE4-F60D0C0946FF}.Debug|x64.ActiveCfg = Debug|Any CPU
		{00A4ED62-43F1-41AE-8EE4-F60D0C0946FF}.Debug|x64.Build.0 = Debug|Any CPU
		{00A4ED62-43F1-41AE-8EE4-F60D0C0946FF}.Debug|x86.ActiveCfg = Debug|Any CPU
		{00A4ED62-43F1-41AE-8EE4-F60D0C0946FF}.Debug|x86.Build.0 = Debug|Any CPU
		{00A4ED62-43F1-41AE-8EE4-F60D0C0946FF}.Release|Any CPU.ActiveCfg = Release|Any CPU
		{00A4ED62-43F1-41AE-8EE4-F60D0C0946FF}.Release|Any CPU.Build.0 = Release|Any CPU
		{00A4ED62-43F1-41AE-8EE4-F60D0C0946FF}.Release|ARM.ActiveCfg = Release|Any CPU
		{00A4ED62-43F1-41AE-8EE4-F60D0C0946FF}.Release|ARM.Build.0 = Release|Any CPU
		{00A4ED62-43F1-41AE-8EE4-F60D0C0946FF}.Release|x64.ActiveCfg = Release|Any CPU
		{00A4ED62-43F1-41AE-8EE4-F60D0C0946FF}.Release|x64.Build.0 = Release|Any CPU
		{00A4ED62-43F1-41AE-8EE4-F60D0C0946FF}.Release|x86.ActiveCfg = Release|Any CPU
		{00A4ED62-43F1-41AE-8EE4-F60D0C0946FF}.Release|x86.Build.0 = Release|Any CPU
	EndGlobalSection
	GlobalSection(SolutionProperties) = preSolution
		HideSolutionNode = FALSE
	EndGlobalSection
EndGlobal
